
Microsoft Visual Studio Solution File, Format Version 11.00
# Visual C# Express 2010
Project("{FAE04EC0-301F-11D3-BF4B-00C04F79EFBC}") = "SLOWNIK", "SLOWNIK\SLOWNIK.csproj", "{52B895CC-40C8-4F10-891A-33C11307612E}"
EndProject
Global
	GlobalSection(SolutionConfigurationPlatforms) = preSolution
		Debug|Any CPU = Debug|Any CPU
		Release|Any CPU = Release|Any CPU
	EndGlobalSection
	GlobalSection(ProjectConfigurationPlatforms) = postSolution
		{52B895CC-40C8-4F10-891A-33C11307612E}.Debug|Any CPU.ActiveCfg = Debug|Any CPU
		{52B895CC-40C8-4F10-891A-33C11307612E}.Debug|Any CPU.Build.0 = Debug|Any CPU
		{52B895CC-40C8-4F10-891A-33C11307612E}.Release|Any CPU.ActiveCfg = Release|Any CPU
		{52B895CC-40C8-4F10-891A-33C11307612E}.Release|Any CPU.Build.0 = Release|Any CPU
	EndGlobalSection
	GlobalSection(SolutionProperties) = preSolution
		HideSolutionNode = FALSE
	EndGlobalSection
EndGlobal
